
Microsoft Visual Studio Solution File, Format Version 12.00
# Visual Studio Version 16
VisualStudioVersion = 16.0.30611.23
MinimumVisualStudioVersion = 10.0.40219.1
Project("{9A19103F-16F7-4668-BE54-9A1E7A4F7556}") = "CRUDApp", "CRUDApp.csproj", "{EA763040-33B4-47AA-A287-CE5E6DD8D7FF}"
EndProject
Project("{FAE04EC0-301F-11D3-BF4B-00C04F79EFBC}") = "CRUDApp.Test", "..\CRUDApp.Test\CRUDApp.Test.csproj", "{6EB97FAD-B46D-44FF-8062-C96313795FAA}"
EndProject
Global
	GlobalSection(SolutionConfigurationPlatforms) = preSolution
		Debug|Any CPU = Debug|Any CPU
		Release|Any CPU = Release|Any CPU
	EndGlobalSection
	GlobalSection(ProjectConfigurationPlatforms) = postSolution
		{EA763040-33B4-47AA-A287-CE5E6DD8D7FF}.Debug|Any CPU.ActiveCfg = Debug|Any CPU
		{EA763040-33B4-47AA-A287-CE5E6DD8D7FF}.Debug|Any CPU.Build.0 = Debug|Any CPU
		{EA763040-33B4-47AA-A287-CE5E6DD8D7FF}.Release|Any CPU.ActiveCfg = Release|Any CPU
		{EA763040-33B4-47AA-A287-CE5E6DD8D7FF}.Release|Any CPU.Build.0 = Release|Any CPU
		{6EB97FAD-B46D-44FF-8062-C96313795FAA}.Debug|Any CPU.ActiveCfg = Debug|Any CPU
		{6EB97FAD-B46D-44FF-8062-C96313795FAA}.Debug|Any CPU.Build.0 = Debug|Any CPU
		{6EB97FAD-B46D-44FF-8062-C96313795FAA}.Release|Any CPU.ActiveCfg = Release|Any CPU
		{6EB97FAD-B46D-44FF-8062-C96313795FAA}.Release|Any CPU.Build.0 = Release|Any CPU
	EndGlobalSection
	GlobalSection(SolutionProperties) = preSolution
		HideSolutionNode = FALSE
	EndGlobalSection
	GlobalSection(ExtensibilityGlobals) = postSolution
		SolutionGuid = {D78BE756-D66C-4E24-949C-49877C429E06}
	EndGlobalSection
EndGlobal
